
Microsoft Visual Studio Solution File, Format Version 12.00
# Visual Studio Version 17
VisualStudioVersion = 17.9.34723.18
MinimumVisualStudioVersion = 10.0.40219.1
Project("{FAE04EC0-301F-11D3-BF4B-00C04F79EFBC}") = "File-SerializeHW24.04", "File-SerializeHW24.04\File-SerializeHW24.04.csproj", "{372ADCDC-FBBB-4ABB-BE29-66BB1D663682}"
EndProject
Global
	GlobalSection(SolutionConfigurationPlatforms) = preSolution
		Debug|Any CPU = Debug|Any CPU
		Release|Any CPU = Release|Any CPU
	EndGlobalSection
	GlobalSection(ProjectConfigurationPlatforms) = postSolution
		{372ADCDC-FBBB-4ABB-BE29-66BB1D663682}.Debug|Any CPU.ActiveCfg = Debug|Any CPU
		{372ADCDC-FBBB-4ABB-BE29-66BB1D663682}.Debug|Any CPU.Build.0 = Debug|Any CPU
		{372ADCDC-FBBB-4ABB-BE29-66BB1D663682}.Release|Any CPU.ActiveCfg = Release|Any CPU
		{372ADCDC-FBBB-4ABB-BE29-66BB1D663682}.Release|Any CPU.Build.0 = Release|Any CPU
	EndGlobalSection
	GlobalSection(SolutionProperties) = preSolution
		HideSolutionNode = FALSE
	EndGlobalSection
	GlobalSection(ExtensibilityGlobals) = postSolution
		SolutionGuid = {40D63115-E602-447F-BAC0-C3C66BB43E63}
	EndGlobalSection
EndGlobal
